
Microsoft Visual Studio Solution File, Format Version 12.00
# Visual Studio Version 16
VisualStudioVersion = 16.0.30804.86
MinimumVisualStudioVersion = 10.0.40219.1
Project("{FAE04EC0-301F-11D3-BF4B-00C04F79EFBC}") = "TermTracker.Android", "TermTracker.Android\TermTracker.Android.csproj", "{7EB2DA3B-E3D7-4A0C-AF4C-CC5BB748E1F7}"
EndProject
Project("{FAE04EC0-301F-11D3-BF4B-00C04F79EFBC}") = "TermTracker", "TermTracker\TermTracker.csproj", "{117FA181-05CF-44C5-8D1E-73913CD93ACF}"
EndProject
Global
	GlobalSection(SolutionConfigurationPlatforms) = preSolution
		Debug|Any CPU = Debug|Any CPU
		Release|Any CPU = Release|Any CPU
	EndGlobalSection
	GlobalSection(ProjectConfigurationPlatforms) = postSolution
		{7EB2DA3B-E3D7-4A0C-AF4C-CC5BB748E1F7}.Debug|Any CPU.ActiveCfg = Debug|Any CPU
		{7EB2DA3B-E3D7-4A0C-AF4C-CC5BB748E1F7}.Debug|Any CPU.Build.0 = Debug|Any CPU
		{7EB2DA3B-E3D7-4A0C-AF4C-CC5BB748E1F7}.Debug|Any CPU.Deploy.0 = Debug|Any CPU
		{7EB2DA3B-E3D7-4A0C-AF4C-CC5BB748E1F7}.Release|Any CPU.ActiveCfg = Release|Any CPU
		{7EB2DA3B-E3D7-4A0C-AF4C-CC5BB748E1F7}.Release|Any CPU.Build.0 = Release|Any CPU
		{7EB2DA3B-E3D7-4A0C-AF4C-CC5BB748E1F7}.Release|Any CPU.Deploy.0 = Release|Any CPU
		{117FA181-05CF-44C5-8D1E-73913CD93ACF}.Debug|Any CPU.ActiveCfg = Debug|Any CPU
		{117FA181-05CF-44C5-8D1E-73913CD93ACF}.Debug|Any CPU.Build.0 = Debug|Any CPU
		{117FA181-05CF-44C5-8D1E-73913CD93ACF}.Debug|Any CPU.Deploy.0 = Debug|Any CPU
		{117FA181-05CF-44C5-8D1E-73913CD93ACF}.Release|Any CPU.ActiveCfg = Release|Any CPU
		{117FA181-05CF-44C5-8D1E-73913CD93ACF}.Release|Any CPU.Build.0 = Release|Any CPU
		{117FA181-05CF-44C5-8D1E-73913CD93ACF}.Release|Any CPU.Deploy.0 = Release|Any CPU
	EndGlobalSection
	GlobalSection(SolutionProperties) = preSolution
		HideSolutionNode = FALSE
	EndGlobalSection
	GlobalSection(ExtensibilityGlobals) = postSolution
		SolutionGuid = {36FC0F40-62A7-45DE-9EAE-D5F8E00CE5F7}
	EndGlobalSection
EndGlobal
